
Microsoft Visual Studio Solution File, Format Version 12.00
# Visual Studio Version 17
VisualStudioVersion = 17.8.34525.116
MinimumVisualStudioVersion = 10.0.40219.1
Project("{FAE04EC0-301F-11D3-BF4B-00C04F79EFBC}") = "BlazorCanvasWithFriends", "BlazorCanvasWithFriends\BlazorCanvasWithFriends\BlazorCanvasWithFriends.csproj", "{99C4EAAC-E1E2-443E-B03C-818273F0592C}"
EndProject
Project("{FAE04EC0-301F-11D3-BF4B-00C04F79EFBC}") = "BlazorCanvasWithFriends.Client", "BlazorCanvasWithFriends\BlazorCanvasWithFriends.Client\BlazorCanvasWithFriends.Client.csproj", "{615362A9-E80A-4FA0-AC9F-AA2F7CC786C7}"
EndProject
Project("{FAE04EC0-301F-11D3-BF4B-00C04F79EFBC}") = "BlazorWithFriends.Shared", "BlazorWithFriends.Shared\BlazorWithFriends.Shared.csproj", "{1ACD27C1-E5DF-4DA6-A990-3CFB53AC6669}"
EndProject
Global
	GlobalSection(SolutionConfigurationPlatforms) = preSolution
		Debug|Any CPU = Debug|Any CPU
		Release|Any CPU = Release|Any CPU
	EndGlobalSection
	GlobalSection(ProjectConfigurationPlatforms) = postSolution
		{99C4EAAC-E1E2-443E-B03C-818273F0592C}.Debug|Any CPU.ActiveCfg = Debug|Any CPU
		{99C4EAAC-E1E2-443E-B03C-818273F0592C}.Debug|Any CPU.Build.0 = Debug|Any CPU
		{99C4EAAC-E1E2-443E-B03C-818273F0592C}.Release|Any CPU.ActiveCfg = Release|Any CPU
		{99C4EAAC-E1E2-443E-B03C-818273F0592C}.Release|Any CPU.Build.0 = Release|Any CPU
		{615362A9-E80A-4FA0-AC9F-AA2F7CC786C7}.Debug|Any CPU.ActiveCfg = Debug|Any CPU
		{615362A9-E80A-4FA0-AC9F-AA2F7CC786C7}.Debug|Any CPU.Build.0 = Debug|Any CPU
		{615362A9-E80A-4FA0-AC9F-AA2F7CC786C7}.Release|Any CPU.ActiveCfg = Release|Any CPU
		{615362A9-E80A-4FA0-AC9F-AA2F7CC786C7}.Release|Any CPU.Build.0 = Release|Any CPU
		{1ACD27C1-E5DF-4DA6-A990-3CFB53AC6669}.Debug|Any CPU.ActiveCfg = Debug|Any CPU
		{1ACD27C1-E5DF-4DA6-A990-3CFB53AC6669}.Debug|Any CPU.Build.0 = Debug|Any CPU
		{1ACD27C1-E5DF-4DA6-A990-3CFB53AC6669}.Release|Any CPU.ActiveCfg = Release|Any CPU
		{1ACD27C1-E5DF-4DA6-A990-3CFB53AC6669}.Release|Any CPU.Build.0 = Release|Any CPU
	EndGlobalSection
	GlobalSection(SolutionProperties) = preSolution
		HideSolutionNode = FALSE
	EndGlobalSection
	GlobalSection(ExtensibilityGlobals) = postSolution
		SolutionGuid = {05F91526-AA7C-4908-81E7-AC4D5878FA06}
	EndGlobalSection
EndGlobal
